<?xml version="1.0" encoding="utf-8"?>
<Project ToolsVersion="4.0" xmlns="http://schemas.microsoft.com/developer/msbuild/2003">
  <ItemGroup>
    <Filter Include="Fichiers sources">
      <UniqueIdentifier>{4FC737F1-C7A5-4376-A066-2A32D752A2FF}</UniqueIdentifier>
      <Extensions>cpp;c;cc;cxx;def;odl;idl;hpj;bat;asm;asmx</Extensions>
    </Filter>
    <Filter Include="Fichiers d%27en-tête">
      <UniqueIdentifier>{93995380-89BD-4b04-88EB-625FBE52EBFB}</UniqueIdentifier>
      <Extensions>h;hh;hpp;hxx;hm;inl;inc;ipp;xsd</Extensions>
    </Filter>
    <Filter Include="Fichiers de ressources">
      <UniqueIdentifier>{67DA6AB6-F800-4c08-8B7A-83BB121AAD01}</UniqueIdentifier>
      <Extensions>rc;ico;cur;bmp;dlg;rc2;rct;bin;rgs;gif;jpg;jpeg;jpe;resx;tiff;tif;png;wav;mfcribbon-ms</Extensions>
    </Filter>
    <Filter Include="shaders">
      <UniqueIdentifier>{206596aa-c0d1-4bdb-8b92-49c392924828}</UniqueIdentifier>
    </Filter>
    <Filter Include="shaders\fragment">
      <UniqueIdentifier>{406fc974-c5ea-41ef-8510-3a0a921bbc50}</UniqueIdentifier>
    </Filter>
    <Filter Include="shaders\vertex">
      <UniqueIdentifier>{d4eb8518-32da-4280-ba5d-7d1fd5086727}</UniqueIdentifier>
    </Filter>
    <Filter Include="shaders\fragment\UI">
      <UniqueIdentifier>{ba962769-92a5-4faa-b32e-5e50479aebd3}</UniqueIdentifier>
    </Filter>
    <Filter Include="shaders\vertex\UI">
      <UniqueIdentifier>{67700871-2c13-4221-bdd7-50b84dce42f8}</UniqueIdentifier>
    </Filter>
  </ItemGroup>
  <ItemGroup>
    <ClCompile Include="linear_algebra.c">
      <Filter>Fichiers sources</Filter>
    </ClCompile>
    <ClCompile Include="main.c">
      <Filter>Fichiers sources</Filter>
    </ClCompile>
    <ClCompile Include="misc.c">
      <Filter>Fichiers sources</Filter>
    </ClCompile>
    <ClCompile Include="noise.c">
      <Filter>Fichiers sources</Filter>
    </ClCompile>
    <ClCompile Include="physics.c">
      <Filter>Fichiers sources</Filter>
    </ClCompile>
    <ClCompile Include="render.c">
      <Filter>Fichiers sources</Filter>
    </ClCompile>
    <ClCompile Include="stack_allocator.c">
      <Filter>Fichiers sources</Filter>
    </ClCompile>
    <ClCompile Include="images.c">
      <Filter>Fichiers sources</Filter>
    </ClCompile>
    <ClCompile Include="unit_tests.c">
      <Filter>Fichiers sources</Filter>
    </ClCompile>
    <ClCompile Include="drawable.c">
      <Filter>Fichiers sources</Filter>
    </ClCompile>
    <ClCompile Include="eforth.c">
      <Filter>Fichiers sources</Filter>
    </ClCompile>
  </ItemGroup>
  <ItemGroup>
    <ClInclude Include="linear_algebra.h">
      <Filter>Fichiers d%27en-tête</Filter>
    </ClInclude>
    <ClInclude Include="misc.h">
      <Filter>Fichiers d%27en-tête</Filter>
    </ClInclude>
    <ClInclude Include="noise.h">
      <Filter>Fichiers d%27en-tête</Filter>
    </ClInclude>
    <ClInclude Include="physics.h">
      <Filter>Fichiers d%27en-tête</Filter>
    </ClInclude>
    <ClInclude Include="stack_allocator.h">
      <Filter>Fichiers d%27en-tête</Filter>
    </ClInclude>
    <ClInclude Include="images.h">
      <Filter>Fichiers d%27en-tête</Filter>
    </ClInclude>
    <ClInclude Include="render.h">
      <Filter>Fichiers sources</Filter>
    </ClInclude>
    <ClInclude Include="drawable.h">
      <Filter>Fichiers d%27en-tête</Filter>
    </ClInclude>
    <ClInclude Include="eforth.h">
      <Filter>Fichiers d%27en-tête</Filter>
    </ClInclude>
  </ItemGroup>
  <ItemGroup>
    <None Include="shaders\vertex_ui_background.glsl">
      <Filter>shaders\vertex\UI</Filter>
    </None>
    <None Include="shaders\vertex_ui_texture.glsl">
      <Filter>shaders\vertex\UI</Filter>
    </None>
    <None Include="shaders\fragment_color.glsl">
      <Filter>shaders\fragment</Filter>
    </None>
    <None Include="shaders\fragment_gradient.glsl">
      <Filter>shaders\fragment</Filter>
    </None>
    <None Include="shaders\fragment_texture.glsl">
      <Filter>shaders\fragment</Filter>
    </None>
    <None Include="shaders\fragment_uniform_color.glsl">
      <Filter>shaders\fragment</Filter>
    </None>
    <None Include="shaders\vertex_color.glsl">
      <Filter>shaders\vertex</Filter>
    </None>
    <None Include="shaders\vertex_gradient.glsl">
      <Filter>shaders\vertex</Filter>
    </None>
    <None Include="shaders\vertex_texture.glsl">
      <Filter>shaders\vertex</Filter>
    </None>
    <None Include="shaders\vertex_uniform_color.glsl">
      <Filter>shaders\vertex</Filter>
    </None>
    <None Include="shaders\fragment_ui_background.glsl">
      <Filter>shaders\fragment\UI</Filter>
    </None>
    <None Include="shaders\fragment_ui_button.glsl">
      <Filter>shaders\fragment\UI</Filter>
    </None>
    <None Include="shaders\fragment_ui_texture.glsl">
      <Filter>shaders\fragment\UI</Filter>
    </None>
  </ItemGroup>
  <ItemGroup>
    <Text Include="Emergence.txt" />
  </ItemGroup>
</Project>